
Microsoft Visual Studio Solution File, Format Version 12.00
# Visual Studio 14
VisualStudioVersion = 14.0.22310.1
MinimumVisualStudioVersion = 10.0.40219.1
Project("{8BC9CEB8-8B4A-11D0-8D11-00A0C91BC942}") = "Project1c", "Project1c\Project1c.vcxproj", "{EB6A887E-438E-4A62-886A-6CD64BB703CD}"
EndProject
Global
	GlobalSection(SolutionConfigurationPlatforms) = preSolution
		Debug|Win32 = Debug|Win32
		Release|Win32 = Release|Win32
	EndGlobalSection
	GlobalSection(ProjectConfigurationPlatforms) = postSolution
		{EB6A887E-438E-4A62-886A-6CD64BB703CD}.Debug|Win32.ActiveCfg = Debug|Win32
		{EB6A887E-438E-4A62-886A-6CD64BB703CD}.Debug|Win32.Build.0 = Debug|Win32
		{EB6A887E-438E-4A62-886A-6CD64BB703CD}.Release|Win32.ActiveCfg = Release|Win32
		{EB6A887E-438E-4A62-886A-6CD64BB703CD}.Release|Win32.Build.0 = Release|Win32
	EndGlobalSection
	GlobalSection(SolutionProperties) = preSolution
		HideSolutionNode = FALSE
	EndGlobalSection
EndGlobal
